
Microsoft Visual Studio Solution File, Format Version 12.00
# Visual Studio Version 17
VisualStudioVersion = 17.7.34031.279
MinimumVisualStudioVersion = 10.0.40219.1
Project("{9A19103F-16F7-4668-BE54-9A1E7A4F7556}") = "Mostrar_Perfil", "Mostrar_Perfil\Mostrar_Perfil.csproj", "{9460F3B9-3A67-4EBF-93BC-0A4FDA6A1890}"
EndProject
Project("{9A19103F-16F7-4668-BE54-9A1E7A4F7556}") = "ConversionDeMoneda", "ConversionDeMoneda\ConversionDeMoneda.csproj", "{9F3E5F3C-79B2-4D38-A779-DB3348BF3834}"
EndProject
Project("{9A19103F-16F7-4668-BE54-9A1E7A4F7556}") = "Animalitos", "Animalitos\Animalitos.csproj", "{58078C49-5E90-4FF9-BA36-AEE0F9213F1A}"
EndProject
Project("{9A19103F-16F7-4668-BE54-9A1E7A4F7556}") = "PerrosWauWau", "PerrosWauWau\PerrosWauWau.csproj", "{EFD48CCD-FEDA-411E-8BF7-EDAB0A224BFC}"
EndProject
Project("{FAE04EC0-301F-11D3-BF4B-00C04F79EFBC}") = "Hamburguesas", "Hamburguesas\Hamburguesas.csproj", "{25005535-A5B8-45F8-8664-90D894ACC59B}"
EndProject
Global
	GlobalSection(SolutionConfigurationPlatforms) = preSolution
		Debug|Any CPU = Debug|Any CPU
		Release|Any CPU = Release|Any CPU
	EndGlobalSection
	GlobalSection(ProjectConfigurationPlatforms) = postSolution
		{9460F3B9-3A67-4EBF-93BC-0A4FDA6A1890}.Debug|Any CPU.ActiveCfg = Debug|Any CPU
		{9460F3B9-3A67-4EBF-93BC-0A4FDA6A1890}.Debug|Any CPU.Build.0 = Debug|Any CPU
		{9460F3B9-3A67-4EBF-93BC-0A4FDA6A1890}.Release|Any CPU.ActiveCfg = Release|Any CPU
		{9460F3B9-3A67-4EBF-93BC-0A4FDA6A1890}.Release|Any CPU.Build.0 = Release|Any CPU
		{9F3E5F3C-79B2-4D38-A779-DB3348BF3834}.Debug|Any CPU.ActiveCfg = Debug|Any CPU
		{9F3E5F3C-79B2-4D38-A779-DB3348BF3834}.Debug|Any CPU.Build.0 = Debug|Any CPU
		{9F3E5F3C-79B2-4D38-A779-DB3348BF3834}.Release|Any CPU.ActiveCfg = Release|Any CPU
		{9F3E5F3C-79B2-4D38-A779-DB3348BF3834}.Release|Any CPU.Build.0 = Release|Any CPU
		{58078C49-5E90-4FF9-BA36-AEE0F9213F1A}.Debug|Any CPU.ActiveCfg = Debug|Any CPU
		{58078C49-5E90-4FF9-BA36-AEE0F9213F1A}.Debug|Any CPU.Build.0 = Debug|Any CPU
		{58078C49-5E90-4FF9-BA36-AEE0F9213F1A}.Release|Any CPU.ActiveCfg = Release|Any CPU
		{58078C49-5E90-4FF9-BA36-AEE0F9213F1A}.Release|Any CPU.Build.0 = Release|Any CPU
		{EFD48CCD-FEDA-411E-8BF7-EDAB0A224BFC}.Debug|Any CPU.ActiveCfg = Debug|Any CPU
		{EFD48CCD-FEDA-411E-8BF7-EDAB0A224BFC}.Debug|Any CPU.Build.0 = Debug|Any CPU
		{EFD48CCD-FEDA-411E-8BF7-EDAB0A224BFC}.Release|Any CPU.ActiveCfg = Release|Any CPU
		{EFD48CCD-FEDA-411E-8BF7-EDAB0A224BFC}.Release|Any CPU.Build.0 = Release|Any CPU
		{25005535-A5B8-45F8-8664-90D894ACC59B}.Debug|Any CPU.ActiveCfg = Debug|Any CPU
		{25005535-A5B8-45F8-8664-90D894ACC59B}.Debug|Any CPU.Build.0 = Debug|Any CPU
		{25005535-A5B8-45F8-8664-90D894ACC59B}.Release|Any CPU.ActiveCfg = Release|Any CPU
		{25005535-A5B8-45F8-8664-90D894ACC59B}.Release|Any CPU.Build.0 = Release|Any CPU
	EndGlobalSection
	GlobalSection(SolutionProperties) = preSolution
		HideSolutionNode = FALSE
	EndGlobalSection
	GlobalSection(ExtensibilityGlobals) = postSolution
		SolutionGuid = {F253B75C-CCD1-4B42-94A7-801800F1A46D}
	EndGlobalSection
EndGlobal
